
Microsoft Visual Studio Solution File, Format Version 12.00
Project("{FAE04EC0-301F-11D3-BF4B-00C04F79EFBC}") = "Diploma", "Diploma\Diploma.csproj", "{A66191E0-8255-4885-B69C-F291FFA82A5B}"
EndProject
Global
	GlobalSection(SolutionConfigurationPlatforms) = preSolution
		Debug|Any CPU = Debug|Any CPU
		Release|Any CPU = Release|Any CPU
	EndGlobalSection
	GlobalSection(ProjectConfigurationPlatforms) = postSolution
		{A66191E0-8255-4885-B69C-F291FFA82A5B}.Debug|Any CPU.ActiveCfg = Debug|Any CPU
		{A66191E0-8255-4885-B69C-F291FFA82A5B}.Debug|Any CPU.Build.0 = Debug|Any CPU
		{A66191E0-8255-4885-B69C-F291FFA82A5B}.Release|Any CPU.ActiveCfg = Release|Any CPU
		{A66191E0-8255-4885-B69C-F291FFA82A5B}.Release|Any CPU.Build.0 = Release|Any CPU
	EndGlobalSection
EndGlobal
